
Microsoft Visual Studio Solution File, Format Version 12.00
# Visual Studio Version 16
VisualStudioVersion = 16.0.30804.86
MinimumVisualStudioVersion = 10.0.40219.1
Project("{FAE04EC0-301F-11D3-BF4B-00C04F79EFBC}") = "TrgovinaRacunalaAPI", "TrgovinaRacunalaAPI\TrgovinaRacunalaAPI.csproj", "{B2464A7A-3C07-4577-B8E5-CF62A939066F}"
EndProject
Project("{FAE04EC0-301F-11D3-BF4B-00C04F79EFBC}") = "TrgovinaRacunalaWFA", "TrgovinaRacunalaWFA\TrgovinaRacunalaWFA.csproj", "{33EADCEC-4000-4D00-BC18-C760570840BE}"
EndProject
Global
	GlobalSection(SolutionConfigurationPlatforms) = preSolution
		Debug|Any CPU = Debug|Any CPU
		Release|Any CPU = Release|Any CPU
	EndGlobalSection
	GlobalSection(ProjectConfigurationPlatforms) = postSolution
		{B2464A7A-3C07-4577-B8E5-CF62A939066F}.Debug|Any CPU.ActiveCfg = Debug|Any CPU
		{B2464A7A-3C07-4577-B8E5-CF62A939066F}.Debug|Any CPU.Build.0 = Debug|Any CPU
		{B2464A7A-3C07-4577-B8E5-CF62A939066F}.Release|Any CPU.ActiveCfg = Release|Any CPU
		{B2464A7A-3C07-4577-B8E5-CF62A939066F}.Release|Any CPU.Build.0 = Release|Any CPU
		{33EADCEC-4000-4D00-BC18-C760570840BE}.Debug|Any CPU.ActiveCfg = Debug|Any CPU
		{33EADCEC-4000-4D00-BC18-C760570840BE}.Debug|Any CPU.Build.0 = Debug|Any CPU
		{33EADCEC-4000-4D00-BC18-C760570840BE}.Release|Any CPU.ActiveCfg = Release|Any CPU
		{33EADCEC-4000-4D00-BC18-C760570840BE}.Release|Any CPU.Build.0 = Release|Any CPU
	EndGlobalSection
	GlobalSection(SolutionProperties) = preSolution
		HideSolutionNode = FALSE
	EndGlobalSection
	GlobalSection(ExtensibilityGlobals) = postSolution
		SolutionGuid = {F088703B-51A0-4D9E-B647-B4D5C1601FFB}
	EndGlobalSection
EndGlobal
